{
  "nodes": {
    "import-tree": {
      "locked": {
        "lastModified": 1741997925,
        "narHash": "sha256-/frq5ovbmCGVjYUoQtV3hol8dAGdz/UYTvoE5SEw3bA=",
        "owner": "vic",
        "repo": "import-tree",
        "rev": "c6eadfeac8387ae6e44fdb544a6397ac677fc1f9",
        "type": "github"
      },
      "original": {
        "owner": "vic",
        "repo": "import-tree",
        "type": "github"
      }
    },
    "root": {
      "inputs": {
        "import-tree": "import-tree"
      }
    }
  },
  "root": "root",
  "version": 7
}
